<?xml version="1.0" encoding="utf-8"?>
<Project ToolsVersion="4.0" xmlns="http://schemas.microsoft.com/developer/msbuild/2003">
  <ItemGroup>
    <Filter Include="Source Files">
      <UniqueIdentifier>{4FC737F1-C7A5-4376-A066-2A32D752A2FF}</UniqueIdentifier>
      <Extensions>cpp;c;cc;cxx;def;odl;idl;hpj;bat;asm;asmx</Extensions>
    </Filter>
    <Filter Include="Header Files">
      <UniqueIdentifier>{93995380-89BD-4b04-88EB-625FBE52EBFB}</UniqueIdentifier>
      <Extensions>h;hh;hpp;hxx;hm;inl;inc;ipp;xsd</Extensions>
    </Filter>
    <Filter Include="Resource Files">
      <UniqueIdentifier>{67DA6AB6-F800-4c08-8B7A-83BB121AAD01}</UniqueIdentifier>
      <Extensions>rc;ico;cur;bmp;dlg;rc2;rct;bin;rgs;gif;jpg;jpeg;jpe;resx;tiff;tif;png;wav;mfcribbon-ms</Extensions>
    </Filter>
    <Filter Include="Source Files\ProjectClasses">
      <UniqueIdentifier>{4b59d7cb-ff9a-4fa3-922c-cf13371f5746}</UniqueIdentifier>
    </Filter>
    <Filter Include="Header Files\ProjectClasses">
      <UniqueIdentifier>{69a07795-6c5c-4f34-a13c-af9e94fec1ce}</UniqueIdentifier>
    </Filter>
  </ItemGroup>
  <ItemGroup>
    <ClCompile Include="..\Learn_Game\Animation.cpp">
      <Filter>Source Files\ProjectClasses</Filter>
    </ClCompile>
    <ClCompile Include="..\Learn_Game\AnimationFrame.cpp">
      <Filter>Source Files\ProjectClasses</Filter>
    </ClCompile>
    <ClCompile Include="..\Learn_Game\Arkanoid_AddPointBuff.cpp">
      <Filter>Source Files\ProjectClasses</Filter>
    </ClCompile>
    <ClCompile Include="..\Learn_Game\Arkanoid_Ball.cpp">
      <Filter>Source Files\ProjectClasses</Filter>
    </ClCompile>
    <ClCompile Include="..\Learn_Game\Arkanoid_BasicBrawStyle.cpp">
      <Filter>Source Files\ProjectClasses</Filter>
    </ClCompile>
    <ClCompile Include="..\Learn_Game\Arkanoid_BigPaddleBuff.cpp">
      <Filter>Source Files\ProjectClasses</Filter>
    </ClCompile>
    <ClCompile Include="..\Learn_Game\Arkanoid_Block.cpp">
      <Filter>Source Files\ProjectClasses</Filter>
    </ClCompile>
    <ClCompile Include="..\Learn_Game\Arkanoid_BuffDrop.cpp">
      <Filter>Source Files\ProjectClasses</Filter>
    </ClCompile>
    <ClCompile Include="..\Learn_Game\Arkanoid_BuffFactory.cpp">
      <Filter>Source Files\ProjectClasses</Filter>
    </ClCompile>
    <ClCompile Include="..\Learn_Game\Arkanoid_BuffSystem.cpp">
      <Filter>Source Files\ProjectClasses</Filter>
    </ClCompile>
    <ClCompile Include="..\Learn_Game\Arkanoid_GameBoard.cpp">
      <Filter>Source Files\ProjectClasses</Filter>
    </ClCompile>
    <ClCompile Include="..\Learn_Game\Arkanoid_IBuff.cpp">
      <Filter>Source Files\ProjectClasses</Filter>
    </ClCompile>
    <ClCompile Include="..\Learn_Game\Arkanoid_IDrawStyle.cpp">
      <Filter>Source Files\ProjectClasses</Filter>
    </ClCompile>
    <ClCompile Include="..\Learn_Game\Arkanoid_Level.cpp">
      <Filter>Source Files\ProjectClasses</Filter>
    </ClCompile>
    <ClCompile Include="..\Learn_Game\Arkanoid_Paddle.cpp">
      <Filter>Source Files\ProjectClasses</Filter>
    </ClCompile>
    <ClCompile Include="..\Learn_Game\Arkanoid_PointMultiplerBuff.cpp">
      <Filter>Source Files\ProjectClasses</Filter>
    </ClCompile>
    <ClCompile Include="..\Learn_Game\Arkanoid_PointSystem.cpp">
      <Filter>Source Files\ProjectClasses</Filter>
    </ClCompile>
    <ClCompile Include="..\Learn_Game\Arkanoid_SlowDownBallBuff.cpp">
      <Filter>Source Files\ProjectClasses</Filter>
    </ClCompile>
    <ClCompile Include="..\Learn_Game\Arkanoid_SmallPaddleBuff.cpp">
      <Filter>Source Files\ProjectClasses</Filter>
    </ClCompile>
    <ClCompile Include="..\Learn_Game\Arkanoid_SpeedUpBallBuff.cpp">
      <Filter>Source Files\ProjectClasses</Filter>
    </ClCompile>
    <ClCompile Include="..\Learn_Game\ArkanoidPlayingGameState.cpp">
      <Filter>Source Files\ProjectClasses</Filter>
    </ClCompile>
    <ClCompile Include="..\Learn_Game\BasicButton.cpp">
      <Filter>Source Files\ProjectClasses</Filter>
    </ClCompile>
    <ClCompile Include="..\Learn_Game\Brick.cpp">
      <Filter>Source Files\ProjectClasses</Filter>
    </ClCompile>
    <ClCompile Include="..\Learn_Game\Button.cpp">
      <Filter>Source Files\ProjectClasses</Filter>
    </ClCompile>
    <ClCompile Include="..\Learn_Game\CollisionChecker.cpp">
      <Filter>Source Files\ProjectClasses</Filter>
    </ClCompile>
    <ClCompile Include="..\Learn_Game\Game.cpp">
      <Filter>Source Files\ProjectClasses</Filter>
    </ClCompile>
    <ClCompile Include="..\Learn_Game\GameListState.cpp">
      <Filter>Source Files\ProjectClasses</Filter>
    </ClCompile>
    <ClCompile Include="..\Learn_Game\GameState.cpp">
      <Filter>Source Files\ProjectClasses</Filter>
    </ClCompile>
    <ClCompile Include="..\Learn_Game\GravitySystem.cpp">
      <Filter>Source Files\ProjectClasses</Filter>
    </ClCompile>
    <ClCompile Include="..\Learn_Game\main.cpp">
      <Filter>Source Files\ProjectClasses</Filter>
    </ClCompile>
    <ClCompile Include="..\Learn_Game\Mario_GameObiect.cpp">
      <Filter>Source Files\ProjectClasses</Filter>
    </ClCompile>
    <ClCompile Include="..\Learn_Game\Mario_GumbaGameObiect.cpp">
      <Filter>Source Files\ProjectClasses</Filter>
    </ClCompile>
    <ClCompile Include="..\Learn_Game\Mario_Level.cpp">
      <Filter>Source Files\ProjectClasses</Filter>
    </ClCompile>
    <ClCompile Include="..\Learn_Game\Mario_LevelController.cpp">
      <Filter>Source Files\ProjectClasses</Filter>
    </ClCompile>
    <ClCompile Include="..\Learn_Game\Mario_MarioGameObiect.cpp">
      <Filter>Source Files\ProjectClasses</Filter>
    </ClCompile>
    <ClCompile Include="..\Learn_Game\MarioGameState.cpp">
      <Filter>Source Files\ProjectClasses</Filter>
    </ClCompile>
    <ClCompile Include="..\Learn_Game\MenuState.cpp">
      <Filter>Source Files\ProjectClasses</Filter>
    </ClCompile>
    <ClCompile Include="..\Learn_Game\PauseState.cpp">
      <Filter>Source Files\ProjectClasses</Filter>
    </ClCompile>
    <ClCompile Include="..\Learn_Game\Position.cpp">
      <Filter>Source Files\ProjectClasses</Filter>
    </ClCompile>
    <ClCompile Include="..\Learn_Game\ResourceManager.cpp">
      <Filter>Source Files\ProjectClasses</Filter>
    </ClCompile>
    <ClCompile Include="..\Learn_Game\Sprite.cpp">
      <Filter>Source Files\ProjectClasses</Filter>
    </ClCompile>
    <ClCompile Include="..\Learn_Game\System_Animation.cpp">
      <Filter>Source Files\ProjectClasses</Filter>
    </ClCompile>
    <ClCompile Include="..\Learn_Game\TibiaAnimation.cpp">
      <Filter>Source Files\ProjectClasses</Filter>
    </ClCompile>
    <ClCompile Include="..\Learn_Game\TibiaAnimationController.cpp">
      <Filter>Source Files\ProjectClasses</Filter>
    </ClCompile>
    <ClCompile Include="..\Learn_Game\TibiaCameraController.cpp">
      <Filter>Source Files\ProjectClasses</Filter>
    </ClCompile>
    <ClCompile Include="..\Learn_Game\TibiaCloneGameState.cpp">
      <Filter>Source Files\ProjectClasses</Filter>
    </ClCompile>
    <ClCompile Include="..\Learn_Game\TibiaCombat (Kopia powodująca konflikty (użytkownik Root-Komputer) 2019-10-09).cpp">
      <Filter>Source Files\ProjectClasses</Filter>
    </ClCompile>
    <ClCompile Include="..\Learn_Game\TibiaCombat.cpp">
      <Filter>Source Files\ProjectClasses</Filter>
    </ClCompile>
    <ClCompile Include="..\Learn_Game\TibiaCreature.cpp">
      <Filter>Source Files\ProjectClasses</Filter>
    </ClCompile>
    <ClCompile Include="..\Learn_Game\TibiaFrame.cpp">
      <Filter>Source Files\ProjectClasses</Filter>
    </ClCompile>
    <ClCompile Include="..\Learn_Game\TibiaGameObiect.cpp">
      <Filter>Source Files\ProjectClasses</Filter>
    </ClCompile>
    <ClCompile Include="..\Learn_Game\TibiaGlobalAnimationTimer.cpp">
      <Filter>Source Files\ProjectClasses</Filter>
    </ClCompile>
    <ClCompile Include="..\Learn_Game\TibiaMapCell.cpp">
      <Filter>Source Files\ProjectClasses</Filter>
    </ClCompile>
    <ClCompile Include="..\Learn_Game\TibiaPlayer.cpp">
      <Filter>Source Files\ProjectClasses</Filter>
    </ClCompile>
    <ClCompile Include="..\Learn_Game\TibiaRat.cpp">
      <Filter>Source Files\ProjectClasses</Filter>
    </ClCompile>
    <ClCompile Include="..\Learn_Game\TibiaResourceHandler.cpp">
      <Filter>Source Files\ProjectClasses</Filter>
    </ClCompile>
    <ClCompile Include="..\Learn_Game\TibiaResoureManager.cpp">
      <Filter>Source Files\ProjectClasses</Filter>
    </ClCompile>
    <ClCompile Include="..\Learn_Game\TibiaTGCGame.cpp">
      <Filter>Source Files\ProjectClasses</Filter>
    </ClCompile>
    <ClCompile Include="..\Learn_Game\TibiaUtilityTools.cpp">
      <Filter>Source Files\ProjectClasses</Filter>
    </ClCompile>
    <ClCompile Include="..\Learn_Game\TibiaWorld.cpp">
      <Filter>Source Files\ProjectClasses</Filter>
    </ClCompile>
    <ClCompile Include="..\Learn_Game\TicTacToc_Cell.cpp">
      <Filter>Source Files\ProjectClasses</Filter>
    </ClCompile>
    <ClCompile Include="..\Learn_Game\TicTacTocGameState.cpp">
      <Filter>Source Files\ProjectClasses</Filter>
    </ClCompile>
    <ClCompile Include="..\Learn_Game\Timer.cpp">
      <Filter>Source Files\ProjectClasses</Filter>
    </ClCompile>
    <ClCompile Include="Source.cpp">
      <Filter>Source Files</Filter>
    </ClCompile>
  </ItemGroup>
  <ItemGroup>
    <ClInclude Include="..\Learn_Game\Animation.h">
      <Filter>Header Files\ProjectClasses</Filter>
    </ClInclude>
    <ClInclude Include="..\Learn_Game\AnimationController.h">
      <Filter>Header Files\ProjectClasses</Filter>
    </ClInclude>
    <ClInclude Include="..\Learn_Game\AnimationFrame.h">
      <Filter>Header Files\ProjectClasses</Filter>
    </ClInclude>
    <ClInclude Include="..\Learn_Game\Arkanoid_AddPointBuff.h">
      <Filter>Header Files\ProjectClasses</Filter>
    </ClInclude>
    <ClInclude Include="..\Learn_Game\Arkanoid_Ball.h">
      <Filter>Header Files\ProjectClasses</Filter>
    </ClInclude>
    <ClInclude Include="..\Learn_Game\Arkanoid_BasicBrawStyle.h">
      <Filter>Header Files\ProjectClasses</Filter>
    </ClInclude>
    <ClInclude Include="..\Learn_Game\Arkanoid_BigPaddleBuff.h">
      <Filter>Header Files\ProjectClasses</Filter>
    </ClInclude>
    <ClInclude Include="..\Learn_Game\Arkanoid_Block.h">
      <Filter>Header Files\ProjectClasses</Filter>
    </ClInclude>
    <ClInclude Include="..\Learn_Game\Arkanoid_BuffDrop.h">
      <Filter>Header Files\ProjectClasses</Filter>
    </ClInclude>
    <ClInclude Include="..\Learn_Game\Arkanoid_BuffFactory.h">
      <Filter>Header Files\ProjectClasses</Filter>
    </ClInclude>
    <ClInclude Include="..\Learn_Game\Arkanoid_BuffSystem.h">
      <Filter>Header Files\ProjectClasses</Filter>
    </ClInclude>
    <ClInclude Include="..\Learn_Game\Arkanoid_GameBoard.h">
      <Filter>Header Files\ProjectClasses</Filter>
    </ClInclude>
    <ClInclude Include="..\Learn_Game\Arkanoid_IBuff.h">
      <Filter>Header Files\ProjectClasses</Filter>
    </ClInclude>
    <ClInclude Include="..\Learn_Game\Arkanoid_IDrawStyle.h">
      <Filter>Header Files\ProjectClasses</Filter>
    </ClInclude>
    <ClInclude Include="..\Learn_Game\Arkanoid_Level.h">
      <Filter>Header Files\ProjectClasses</Filter>
    </ClInclude>
    <ClInclude Include="..\Learn_Game\Arkanoid_Paddle.h">
      <Filter>Header Files\ProjectClasses</Filter>
    </ClInclude>
    <ClInclude Include="..\Learn_Game\Arkanoid_PointMultiplerBuff.h">
      <Filter>Header Files\ProjectClasses</Filter>
    </ClInclude>
    <ClInclude Include="..\Learn_Game\Arkanoid_PointSystem.h">
      <Filter>Header Files\ProjectClasses</Filter>
    </ClInclude>
    <ClInclude Include="..\Learn_Game\Arkanoid_SlowDownBallBuff.h">
      <Filter>Header Files\ProjectClasses</Filter>
    </ClInclude>
    <ClInclude Include="..\Learn_Game\Arkanoid_SmallPaddleBuff.h">
      <Filter>Header Files\ProjectClasses</Filter>
    </ClInclude>
    <ClInclude Include="..\Learn_Game\Arkanoid_SpeedUpBallBuff.h">
      <Filter>Header Files\ProjectClasses</Filter>
    </ClInclude>
    <ClInclude Include="..\Learn_Game\ArkanoidPlayingGameState.h">
      <Filter>Header Files\ProjectClasses</Filter>
    </ClInclude>
    <ClInclude Include="..\Learn_Game\BasicButton.h">
      <Filter>Header Files\ProjectClasses</Filter>
    </ClInclude>
    <ClInclude Include="..\Learn_Game\Brick.h">
      <Filter>Header Files\ProjectClasses</Filter>
    </ClInclude>
    <ClInclude Include="..\Learn_Game\Button.h">
      <Filter>Header Files\ProjectClasses</Filter>
    </ClInclude>
    <ClInclude Include="..\Learn_Game\CameraController.h">
      <Filter>Header Files\ProjectClasses</Filter>
    </ClInclude>
    <ClInclude Include="..\Learn_Game\CollisionChecker.h">
      <Filter>Header Files\ProjectClasses</Filter>
    </ClInclude>
    <ClInclude Include="..\Learn_Game\Creature.h">
      <Filter>Header Files\ProjectClasses</Filter>
    </ClInclude>
    <ClInclude Include="..\Learn_Game\Enums.h">
      <Filter>Header Files\ProjectClasses</Filter>
    </ClInclude>
    <ClInclude Include="..\Learn_Game\Frame.h">
      <Filter>Header Files\ProjectClasses</Filter>
    </ClInclude>
    <ClInclude Include="..\Learn_Game\Game.h">
      <Filter>Header Files\ProjectClasses</Filter>
    </ClInclude>
    <ClInclude Include="..\Learn_Game\GameListState.h">
      <Filter>Header Files\ProjectClasses</Filter>
    </ClInclude>
    <ClInclude Include="..\Learn_Game\GameObiect.h">
      <Filter>Header Files\ProjectClasses</Filter>
    </ClInclude>
    <ClInclude Include="..\Learn_Game\GameState.h">
      <Filter>Header Files\ProjectClasses</Filter>
    </ClInclude>
    <ClInclude Include="..\Learn_Game\GlobalAnimationTimer.h">
      <Filter>Header Files\ProjectClasses</Filter>
    </ClInclude>
    <ClInclude Include="..\Learn_Game\GravitySystem.h">
      <Filter>Header Files\ProjectClasses</Filter>
    </ClInclude>
    <ClInclude Include="..\Learn_Game\Header.h">
      <Filter>Header Files\ProjectClasses</Filter>
    </ClInclude>
    <ClInclude Include="..\Learn_Game\LevelSwitcher.h">
      <Filter>Header Files\ProjectClasses</Filter>
    </ClInclude>
    <ClInclude Include="..\Learn_Game\MapCell.h">
      <Filter>Header Files\ProjectClasses</Filter>
    </ClInclude>
    <ClInclude Include="..\Learn_Game\Mario_GameObiect.h">
      <Filter>Header Files\ProjectClasses</Filter>
    </ClInclude>
    <ClInclude Include="..\Learn_Game\Mario_GumbaGameObiect.h">
      <Filter>Header Files\ProjectClasses</Filter>
    </ClInclude>
    <ClInclude Include="..\Learn_Game\Mario_Level.h">
      <Filter>Header Files\ProjectClasses</Filter>
    </ClInclude>
    <ClInclude Include="..\Learn_Game\Mario_LevelController.h">
      <Filter>Header Files\ProjectClasses</Filter>
    </ClInclude>
    <ClInclude Include="..\Learn_Game\Mario_MarioGameObiect.h">
      <Filter>Header Files\ProjectClasses</Filter>
    </ClInclude>
    <ClInclude Include="..\Learn_Game\MarioGameState.h">
      <Filter>Header Files\ProjectClasses</Filter>
    </ClInclude>
    <ClInclude Include="..\Learn_Game\MenuState.h">
      <Filter>Header Files\ProjectClasses</Filter>
    </ClInclude>
    <ClInclude Include="..\Learn_Game\Monster.h">
      <Filter>Header Files\ProjectClasses</Filter>
    </ClInclude>
    <ClInclude Include="..\Learn_Game\PauseState.h">
      <Filter>Header Files\ProjectClasses</Filter>
    </ClInclude>
    <ClInclude Include="..\Learn_Game\Player.h">
      <Filter>Header Files\ProjectClasses</Filter>
    </ClInclude>
    <ClInclude Include="..\Learn_Game\Position.h">
      <Filter>Header Files\ProjectClasses</Filter>
    </ClInclude>
    <ClInclude Include="..\Learn_Game\Rat.h">
      <Filter>Header Files\ProjectClasses</Filter>
    </ClInclude>
    <ClInclude Include="..\Learn_Game\resource.h">
      <Filter>Header Files\ProjectClasses</Filter>
    </ClInclude>
    <ClInclude Include="..\Learn_Game\ResourceHandler.h">
      <Filter>Header Files\ProjectClasses</Filter>
    </ClInclude>
    <ClInclude Include="..\Learn_Game\ResourceManager.h">
      <Filter>Header Files\ProjectClasses</Filter>
    </ClInclude>
    <ClInclude Include="..\Learn_Game\ResoureManager.h">
      <Filter>Header Files\ProjectClasses</Filter>
    </ClInclude>
    <ClInclude Include="..\Learn_Game\settings.h">
      <Filter>Header Files\ProjectClasses</Filter>
    </ClInclude>
    <ClInclude Include="..\Learn_Game\Sprite.h">
      <Filter>Header Files\ProjectClasses</Filter>
    </ClInclude>
    <ClInclude Include="..\Learn_Game\System_Animation.h">
      <Filter>Header Files\ProjectClasses</Filter>
    </ClInclude>
    <ClInclude Include="..\Learn_Game\TGCGame.h">
      <Filter>Header Files\ProjectClasses</Filter>
    </ClInclude>
    <ClInclude Include="..\Learn_Game\TibiaaEnums.h">
      <Filter>Header Files\ProjectClasses</Filter>
    </ClInclude>
    <ClInclude Include="..\Learn_Game\TibiaAnimation.h">
      <Filter>Header Files\ProjectClasses</Filter>
    </ClInclude>
    <ClInclude Include="..\Learn_Game\TibiaAnimationController.h">
      <Filter>Header Files\ProjectClasses</Filter>
    </ClInclude>
    <ClInclude Include="..\Learn_Game\TibiaCameraController.h">
      <Filter>Header Files\ProjectClasses</Filter>
    </ClInclude>
    <ClInclude Include="..\Learn_Game\TibiaCloneGameState.h">
      <Filter>Header Files\ProjectClasses</Filter>
    </ClInclude>
    <ClInclude Include="..\Learn_Game\TibiaCombat.h">
      <Filter>Header Files\ProjectClasses</Filter>
    </ClInclude>
    <ClInclude Include="..\Learn_Game\TibiaCreature.h">
      <Filter>Header Files\ProjectClasses</Filter>
    </ClInclude>
    <ClInclude Include="..\Learn_Game\TibiaEnums.h">
      <Filter>Header Files\ProjectClasses</Filter>
    </ClInclude>
    <ClInclude Include="..\Learn_Game\TibiaFrame.h">
      <Filter>Header Files\ProjectClasses</Filter>
    </ClInclude>
    <ClInclude Include="..\Learn_Game\TibiaGameObiect.h">
      <Filter>Header Files\ProjectClasses</Filter>
    </ClInclude>
    <ClInclude Include="..\Learn_Game\TibiaGlobalAnimationTimer.h">
      <Filter>Header Files\ProjectClasses</Filter>
    </ClInclude>
    <ClInclude Include="..\Learn_Game\TibiaMapCell.h">
      <Filter>Header Files\ProjectClasses</Filter>
    </ClInclude>
    <ClInclude Include="..\Learn_Game\TibiaPlayer.h">
      <Filter>Header Files\ProjectClasses</Filter>
    </ClInclude>
    <ClInclude Include="..\Learn_Game\TibiaRat.h">
      <Filter>Header Files\ProjectClasses</Filter>
    </ClInclude>
    <ClInclude Include="..\Learn_Game\TibiaResourceHandler.h">
      <Filter>Header Files\ProjectClasses</Filter>
    </ClInclude>
    <ClInclude Include="..\Learn_Game\TibiaResoureManager.h">
      <Filter>Header Files\ProjectClasses</Filter>
    </ClInclude>
    <ClInclude Include="..\Learn_Game\TibiaTGCGame.h">
      <Filter>Header Files\ProjectClasses</Filter>
    </ClInclude>
    <ClInclude Include="..\Learn_Game\TibiaUtilityTools.h">
      <Filter>Header Files\ProjectClasses</Filter>
    </ClInclude>
    <ClInclude Include="..\Learn_Game\TibiaWorld.h">
      <Filter>Header Files\ProjectClasses</Filter>
    </ClInclude>
    <ClInclude Include="..\Learn_Game\TicTacToc_Cell.h">
      <Filter>Header Files\ProjectClasses</Filter>
    </ClInclude>
    <ClInclude Include="..\Learn_Game\TicTacTocGameState.h">
      <Filter>Header Files\ProjectClasses</Filter>
    </ClInclude>
    <ClInclude Include="..\Learn_Game\Timer.h">
      <Filter>Header Files\ProjectClasses</Filter>
    </ClInclude>
    <ClInclude Include="..\Learn_Game\UtilityTools.h">
      <Filter>Header Files\ProjectClasses</Filter>
    </ClInclude>
    <ClInclude Include="..\Learn_Game\World.h">
      <Filter>Header Files\ProjectClasses</Filter>
    </ClInclude>
  </ItemGroup>
</Project>