<?xml version="1.0" encoding="utf-8"?>
<Project ToolsVersion="4.0" xmlns="http://schemas.microsoft.com/developer/msbuild/2003">
  <ItemGroup>
    <Filter Include="Source Files">
      <UniqueIdentifier>{4FC737F1-C7A5-4376-A066-2A32D752A2FF}</UniqueIdentifier>
      <Extensions>cpp;c;cc;cxx;def;odl;idl;hpj;bat;asm;asmx</Extensions>
    </Filter>
    <Filter Include="Header Files">
      <UniqueIdentifier>{93995380-89BD-4b04-88EB-625FBE52EBFB}</UniqueIdentifier>
      <Extensions>h;hh;hpp;hxx;hm;inl;inc;ipp;xsd</Extensions>
    </Filter>
    <Filter Include="Resource Files">
      <UniqueIdentifier>{67DA6AB6-F800-4c08-8B7A-83BB121AAD01}</UniqueIdentifier>
      <Extensions>rc;ico;cur;bmp;dlg;rc2;rct;bin;rgs;gif;jpg;jpeg;jpe;resx;tiff;tif;png;wav;mfcribbon-ms</Extensions>
    </Filter>
    <Filter Include="Header Files\Button">
      <UniqueIdentifier>{d10caf46-e128-4231-a133-6e63475621c5}</UniqueIdentifier>
    </Filter>
    <Filter Include="Header Files\GameState">
      <UniqueIdentifier>{0a91072e-ecd9-4f0c-8a83-e4cb966561e7}</UniqueIdentifier>
    </Filter>
    <Filter Include="Header Files\system">
      <UniqueIdentifier>{52fbdf6d-1e21-4da2-a552-811093ed083d}</UniqueIdentifier>
    </Filter>
    <Filter Include="Source Files\Button">
      <UniqueIdentifier>{32ec9568-d03d-436b-b861-39b5e3e300c8}</UniqueIdentifier>
    </Filter>
    <Filter Include="Source Files\GameState">
      <UniqueIdentifier>{f8ea4375-1af6-4fd3-96c7-9639d9b894a2}</UniqueIdentifier>
    </Filter>
    <Filter Include="Source Files\Room">
      <UniqueIdentifier>{f88c1465-099f-4162-b118-5fce80377af2}</UniqueIdentifier>
    </Filter>
    <Filter Include="Source Files\system">
      <UniqueIdentifier>{25a0892c-1afe-4cd9-851d-acd92b686cf8}</UniqueIdentifier>
    </Filter>
    <Filter Include="Header Files\Arkanoid">
      <UniqueIdentifier>{e00ffec3-cb9c-4941-8e68-086a9a3abbc6}</UniqueIdentifier>
    </Filter>
    <Filter Include="Source Files\Arkanoid">
      <UniqueIdentifier>{a0d3c758-191b-4cad-91fe-0943d0292686}</UniqueIdentifier>
    </Filter>
    <Filter Include="Header Files\Arkanoid\DrawStyle">
      <UniqueIdentifier>{764f18b5-d94a-48fd-9870-46a10a863928}</UniqueIdentifier>
    </Filter>
    <Filter Include="Header Files\Arkanoid\Level">
      <UniqueIdentifier>{70347293-b67f-4c45-a033-b547733e92f7}</UniqueIdentifier>
    </Filter>
    <Filter Include="Source Files\Arkanoid\Draw">
      <UniqueIdentifier>{e2447fae-22c5-43fd-859c-ac912b8b3538}</UniqueIdentifier>
    </Filter>
    <Filter Include="Header Files\Arkanoid\Buffs">
      <UniqueIdentifier>{1d6982aa-99cb-4079-8a4d-0e3feb5ea0c9}</UniqueIdentifier>
    </Filter>
    <Filter Include="Source Files\Arkanoid\Buffs">
      <UniqueIdentifier>{d8aa630b-cf5e-418a-ad39-07fb8da0a902}</UniqueIdentifier>
    </Filter>
    <Filter Include="Header Files\Arkanoid\Buffs\Buff">
      <UniqueIdentifier>{471b4260-a16d-499f-b5bd-ebf9d820d983}</UniqueIdentifier>
    </Filter>
    <Filter Include="Header Files\TicTaCtOC">
      <UniqueIdentifier>{c1d7e5f5-9778-4fe8-8932-146d3e9ed28d}</UniqueIdentifier>
    </Filter>
    <Filter Include="Source Files\TicTacToc">
      <UniqueIdentifier>{2f09ada4-b502-418a-a500-27753c8b0210}</UniqueIdentifier>
    </Filter>
    <Filter Include="Source Files\Arkanoid\Buffs\Buffs">
      <UniqueIdentifier>{12c9cb27-ce21-4973-97eb-68d57eacad68}</UniqueIdentifier>
    </Filter>
    <Filter Include="Source Files\Arkanoid\Level">
      <UniqueIdentifier>{3b9848fc-4585-408b-a5af-73d2688e13b0}</UniqueIdentifier>
    </Filter>
    <Filter Include="Header Files\Mario">
      <UniqueIdentifier>{b8b8228a-b4c4-4c28-8e0c-2d2b4affde24}</UniqueIdentifier>
    </Filter>
    <Filter Include="Source Files\Mario">
      <UniqueIdentifier>{8cd4a2e5-aecb-4617-bbbe-2b1bf6bb5aee}</UniqueIdentifier>
    </Filter>
    <Filter Include="Source Files\TibiaClone">
      <UniqueIdentifier>{9a25fc78-6a11-47fc-8de7-228cfe6ebc18}</UniqueIdentifier>
    </Filter>
    <Filter Include="Header Files\TibiaClone">
      <UniqueIdentifier>{5644d830-2126-4469-ba47-e701d1d8c50c}</UniqueIdentifier>
    </Filter>
    <Filter Include="Header Files\TibiaClone\Animation">
      <UniqueIdentifier>{de506364-601c-4baa-96d0-2f77adb7f359}</UniqueIdentifier>
    </Filter>
    <Filter Include="Header Files\TibiaClone\GameEntity">
      <UniqueIdentifier>{225a2440-257b-4ae5-b5c9-2edcee8d70e3}</UniqueIdentifier>
    </Filter>
    <Filter Include="Header Files\TibiaClone\Map">
      <UniqueIdentifier>{119bee6e-5b0f-4685-a293-659a75110287}</UniqueIdentifier>
    </Filter>
    <Filter Include="Header Files\TibiaClone\Utility">
      <UniqueIdentifier>{cabc366b-c153-4ff5-9925-fe536a1ea27a}</UniqueIdentifier>
    </Filter>
    <Filter Include="Header Files\TibiaClone\Other">
      <UniqueIdentifier>{4fc4c6f1-8c6b-413a-838a-8f47205b838b}</UniqueIdentifier>
    </Filter>
    <Filter Include="Source Files\TibiaClone\Animation">
      <UniqueIdentifier>{eacb5c78-4582-4e6c-bd5f-aca67ec3f19a}</UniqueIdentifier>
    </Filter>
    <Filter Include="Source Files\TibiaClone\GameEntity">
      <UniqueIdentifier>{514fcc3e-881d-4ccc-950a-345b4f489511}</UniqueIdentifier>
    </Filter>
    <Filter Include="Source Files\TibiaClone\Map">
      <UniqueIdentifier>{5f2db6a8-663d-42a5-875a-9c039952d830}</UniqueIdentifier>
    </Filter>
    <Filter Include="Source Files\TibiaClone\Other">
      <UniqueIdentifier>{3ea3420c-ba6f-4b36-933e-9332e676cf7b}</UniqueIdentifier>
    </Filter>
    <Filter Include="Source Files\TibiaClone\Utility">
      <UniqueIdentifier>{27e5a810-80d1-40cb-a3e7-e2feb7d25218}</UniqueIdentifier>
    </Filter>
    <Filter Include="Header Files\TibiaClone\Combat">
      <UniqueIdentifier>{f3cb561e-13bd-4799-877b-e1610ae52ccc}</UniqueIdentifier>
    </Filter>
    <Filter Include="Source Files\TibiaClone\Combat">
      <UniqueIdentifier>{33af4168-c6a5-44e5-a662-9e28219a7dba}</UniqueIdentifier>
    </Filter>
    <Filter Include="Header Files\TibiaClone\Resource">
      <UniqueIdentifier>{00028e0f-3a27-4e8d-a2b4-bd59b018cc8e}</UniqueIdentifier>
    </Filter>
    <Filter Include="Source Files\TibiaClone\Resource">
      <UniqueIdentifier>{3ca4390d-867f-424b-821b-8c9a8ffd98e3}</UniqueIdentifier>
    </Filter>
  </ItemGroup>
  <ItemGroup>
    <ClCompile Include="BasicButton.cpp">
      <Filter>Source Files\Button</Filter>
    </ClCompile>
    <ClCompile Include="Button.cpp">
      <Filter>Source Files\Button</Filter>
    </ClCompile>
    <ClCompile Include="CollisionChecker.cpp">
      <Filter>Source Files\system</Filter>
    </ClCompile>
    <ClCompile Include="GameState.cpp">
      <Filter>Source Files\GameState</Filter>
    </ClCompile>
    <ClCompile Include="MenuState.cpp">
      <Filter>Source Files\GameState</Filter>
    </ClCompile>
    <ClCompile Include="PauseState.cpp">
      <Filter>Source Files\GameState</Filter>
    </ClCompile>
    <ClCompile Include="GameListState.cpp">
      <Filter>Source Files\GameState</Filter>
    </ClCompile>
    <ClCompile Include="TicTacTocGameState.cpp">
      <Filter>Source Files\GameState</Filter>
    </ClCompile>
    <ClCompile Include="Arkanoid_Ball.cpp">
      <Filter>Source Files\Arkanoid</Filter>
    </ClCompile>
    <ClCompile Include="Arkanoid_Block.cpp">
      <Filter>Source Files\Arkanoid</Filter>
    </ClCompile>
    <ClCompile Include="Arkanoid_GameBoard.cpp">
      <Filter>Source Files\Arkanoid</Filter>
    </ClCompile>
    <ClCompile Include="Arkanoid_Paddle.cpp">
      <Filter>Source Files\Arkanoid</Filter>
    </ClCompile>
    <ClCompile Include="ArkanoidPlayingGameState.cpp">
      <Filter>Source Files\GameState</Filter>
    </ClCompile>
    <ClCompile Include="main.cpp">
      <Filter>Source Files</Filter>
    </ClCompile>
    <ClCompile Include="Arkanoid_PointSystem.cpp">
      <Filter>Source Files\Arkanoid</Filter>
    </ClCompile>
    <ClCompile Include="Arkanoid_BuffFactory.cpp">
      <Filter>Source Files\Arkanoid\Buffs</Filter>
    </ClCompile>
    <ClCompile Include="Arkanoid_BuffSystem.cpp">
      <Filter>Source Files\Arkanoid\Buffs</Filter>
    </ClCompile>
    <ClCompile Include="Arkanoid_BasicBrawStyle.cpp">
      <Filter>Source Files\Arkanoid\Draw</Filter>
    </ClCompile>
    <ClCompile Include="Arkanoid_IDrawStyle.cpp">
      <Filter>Source Files\Arkanoid\Draw</Filter>
    </ClCompile>
    <ClCompile Include="Arkanoid_BuffDrop.cpp">
      <Filter>Source Files\Arkanoid\Buffs</Filter>
    </ClCompile>
    <ClCompile Include="Arkanoid_IBuff.cpp">
      <Filter>Source Files\Arkanoid\Buffs</Filter>
    </ClCompile>
    <ClCompile Include="TicTacToc_Cell.cpp">
      <Filter>Source Files\TicTacToc</Filter>
    </ClCompile>
    <ClCompile Include="Arkanoid_AddPointBuff.cpp">
      <Filter>Source Files\Arkanoid\Buffs\Buffs</Filter>
    </ClCompile>
    <ClCompile Include="Arkanoid_BigPaddleBuff.cpp">
      <Filter>Source Files\Arkanoid\Buffs\Buffs</Filter>
    </ClCompile>
    <ClCompile Include="Arkanoid_SlowDownBallBuff.cpp">
      <Filter>Source Files\Arkanoid\Buffs\Buffs</Filter>
    </ClCompile>
    <ClCompile Include="Arkanoid_SmallPaddleBuff.cpp">
      <Filter>Source Files\Arkanoid\Buffs\Buffs</Filter>
    </ClCompile>
    <ClCompile Include="Arkanoid_SpeedUpBallBuff.cpp">
      <Filter>Source Files\Arkanoid\Buffs\Buffs</Filter>
    </ClCompile>
    <ClCompile Include="Arkanoid_PointMultiplerBuff.cpp">
      <Filter>Source Files\Arkanoid\Buffs\Buffs</Filter>
    </ClCompile>
    <ClCompile Include="Arkanoid_Level.cpp">
      <Filter>Source Files\Arkanoid\Level</Filter>
    </ClCompile>
    <ClCompile Include="MarioGameState.cpp">
      <Filter>Source Files\GameState</Filter>
    </ClCompile>
    <ClCompile Include="ResourceManager.cpp">
      <Filter>Source Files\system</Filter>
    </ClCompile>
    <ClCompile Include="Timer.cpp">
      <Filter>Source Files\system</Filter>
    </ClCompile>
    <ClCompile Include="AnimationFrame.cpp">
      <Filter>Source Files</Filter>
    </ClCompile>
    <ClCompile Include="Animation.cpp">
      <Filter>Source Files</Filter>
    </ClCompile>
    <ClCompile Include="Mario_Level.cpp">
      <Filter>Source Files\Mario</Filter>
    </ClCompile>
    <ClCompile Include="Mario_LevelController.cpp">
      <Filter>Source Files\Mario</Filter>
    </ClCompile>
    <ClCompile Include="Mario_MarioGameObiect.cpp">
      <Filter>Source Files\Mario</Filter>
    </ClCompile>
    <ClCompile Include="Mario_GameObiect.cpp">
      <Filter>Source Files\Mario</Filter>
    </ClCompile>
    <ClCompile Include="Mario_GumbaGameObiect.cpp">
      <Filter>Source Files\Mario</Filter>
    </ClCompile>
    <ClCompile Include="Brick.cpp">
      <Filter>Source Files</Filter>
    </ClCompile>
    <ClCompile Include="TibiaTGCGame.cpp">
      <Filter>Source Files\TibiaClone</Filter>
    </ClCompile>
    <ClCompile Include="TibiaCloneGameState.cpp">
      <Filter>Source Files\GameState</Filter>
    </ClCompile>
    <ClCompile Include="TibiaAnimation.cpp">
      <Filter>Source Files\TibiaClone\Animation</Filter>
    </ClCompile>
    <ClCompile Include="TibiaAnimationController.cpp">
      <Filter>Source Files\TibiaClone\Animation</Filter>
    </ClCompile>
    <ClCompile Include="TibiaFrame.cpp">
      <Filter>Source Files\TibiaClone\Animation</Filter>
    </ClCompile>
    <ClCompile Include="TibiaGlobalAnimationTimer.cpp">
      <Filter>Source Files\TibiaClone\Animation</Filter>
    </ClCompile>
    <ClCompile Include="TibiaCameraController.cpp">
      <Filter>Source Files\TibiaClone\Other</Filter>
    </ClCompile>
    <ClCompile Include="TibiaCreature.cpp">
      <Filter>Source Files\TibiaClone\GameEntity</Filter>
    </ClCompile>
    <ClCompile Include="TibiaGameObiect.cpp">
      <Filter>Source Files\TibiaClone\GameEntity</Filter>
    </ClCompile>
    <ClCompile Include="TibiaPlayer.cpp">
      <Filter>Source Files\TibiaClone\GameEntity</Filter>
    </ClCompile>
    <ClCompile Include="TibiaMapCell.cpp">
      <Filter>Source Files\TibiaClone\Map</Filter>
    </ClCompile>
    <ClCompile Include="TibiaUtilityTools.cpp">
      <Filter>Source Files\TibiaClone\Utility</Filter>
    </ClCompile>
    <ClCompile Include="TibiaWorld.cpp">
      <Filter>Source Files\TibiaClone\Map</Filter>
    </ClCompile>
    <ClCompile Include="Game.cpp">
      <Filter>Source Files</Filter>
    </ClCompile>
    <ClCompile Include="TibiaCombat.cpp">
      <Filter>Source Files\TibiaClone\Combat</Filter>
    </ClCompile>
    <ClCompile Include="TibiaSimpleLoader.cpp">
      <Filter>Source Files</Filter>
    </ClCompile>
    <ClCompile Include="TibiaParticle.cpp">
      <Filter>Source Files\TibiaClone\GameEntity</Filter>
    </ClCompile>
    <ClCompile Include="TibiaResourceHandler.cpp">
      <Filter>Source Files\TibiaClone\Resource</Filter>
    </ClCompile>
    <ClCompile Include="TibiaResoureManager.cpp">
      <Filter>Source Files\TibiaClone\Resource</Filter>
    </ClCompile>
    <ClCompile Include="TibiaMonsterLoader.cpp">
      <Filter>Source Files\TibiaClone\Resource</Filter>
    </ClCompile>
    <ClCompile Include="TibiaXMLLoader.cpp">
      <Filter>Source Files\TibiaClone\Resource</Filter>
    </ClCompile>
    <ClCompile Include="TibiaCreatureController.cpp">
      <Filter>Source Files</Filter>
    </ClCompile>
    <ClCompile Include="TibiaTextureLoader.cpp">
      <Filter>Source Files\TibiaClone\Resource</Filter>
    </ClCompile>
  </ItemGroup>
  <ItemGroup>
    <ClInclude Include="Game.h">
      <Filter>Header Files</Filter>
    </ClInclude>
    <ClInclude Include="settings.h">
      <Filter>Header Files</Filter>
    </ClInclude>
    <ClInclude Include="Button.h">
      <Filter>Header Files\Button</Filter>
    </ClInclude>
    <ClInclude Include="BasicButton.h">
      <Filter>Header Files\Button</Filter>
    </ClInclude>
    <ClInclude Include="GameState.h">
      <Filter>Header Files\GameState</Filter>
    </ClInclude>
    <ClInclude Include="PauseState.h">
      <Filter>Header Files\GameState</Filter>
    </ClInclude>
    <ClInclude Include="MenuState.h">
      <Filter>Header Files\GameState</Filter>
    </ClInclude>
    <ClInclude Include="CollisionChecker.h">
      <Filter>Header Files\system</Filter>
    </ClInclude>
    <ClInclude Include="Enums.h">
      <Filter>Header Files</Filter>
    </ClInclude>
    <ClInclude Include="GameListState.h">
      <Filter>Header Files\GameState</Filter>
    </ClInclude>
    <ClInclude Include="TicTacTocGameState.h">
      <Filter>Header Files\GameState</Filter>
    </ClInclude>
    <ClInclude Include="Arkanoid_Ball.h">
      <Filter>Header Files\Arkanoid</Filter>
    </ClInclude>
    <ClInclude Include="Arkanoid_GameBoard.h">
      <Filter>Header Files\Arkanoid</Filter>
    </ClInclude>
    <ClInclude Include="Arkanoid_Paddle.h">
      <Filter>Header Files\Arkanoid</Filter>
    </ClInclude>
    <ClInclude Include="Arkanoid_Block.h">
      <Filter>Header Files\Arkanoid</Filter>
    </ClInclude>
    <ClInclude Include="ArkanoidPlayingGameState.h">
      <Filter>Header Files\GameState</Filter>
    </ClInclude>
    <ClInclude Include="Arkanoid_PointSystem.h">
      <Filter>Header Files\Arkanoid</Filter>
    </ClInclude>
    <ClInclude Include="Arkanoid_BasicBrawStyle.h">
      <Filter>Header Files\Arkanoid\DrawStyle</Filter>
    </ClInclude>
    <ClInclude Include="Arkanoid_BuffFactory.h">
      <Filter>Header Files\Arkanoid\Buffs</Filter>
    </ClInclude>
    <ClInclude Include="Arkanoid_BuffSystem.h">
      <Filter>Header Files\Arkanoid\Buffs</Filter>
    </ClInclude>
    <ClInclude Include="Arkanoid_IDrawStyle.h">
      <Filter>Header Files\Arkanoid\DrawStyle</Filter>
    </ClInclude>
    <ClInclude Include="Arkanoid_Level.h">
      <Filter>Header Files\Arkanoid\Level</Filter>
    </ClInclude>
    <ClInclude Include="Arkanoid_BigPaddleBuff.h">
      <Filter>Header Files\Arkanoid\Buffs\Buff</Filter>
    </ClInclude>
    <ClInclude Include="Arkanoid_SlowDownBallBuff.h">
      <Filter>Header Files\Arkanoid\Buffs\Buff</Filter>
    </ClInclude>
    <ClInclude Include="Arkanoid_SmallPaddleBuff.h">
      <Filter>Header Files\Arkanoid\Buffs\Buff</Filter>
    </ClInclude>
    <ClInclude Include="Arkanoid_SpeedUpBallBuff.h">
      <Filter>Header Files\Arkanoid\Buffs\Buff</Filter>
    </ClInclude>
    <ClInclude Include="Arkanoid_BuffDrop.h">
      <Filter>Header Files\Arkanoid\Buffs</Filter>
    </ClInclude>
    <ClInclude Include="Arkanoid_IBuff.h">
      <Filter>Header Files\Arkanoid\Buffs</Filter>
    </ClInclude>
    <ClInclude Include="Arkanoid_PointMultiplerBuff.h">
      <Filter>Header Files\Arkanoid\Buffs\Buff</Filter>
    </ClInclude>
    <ClInclude Include="Arkanoid_AddPointBuff.h">
      <Filter>Header Files\Arkanoid\Buffs\Buff</Filter>
    </ClInclude>
    <ClInclude Include="TicTacToc_Cell.h">
      <Filter>Header Files\TicTaCtOC</Filter>
    </ClInclude>
    <ClInclude Include="ResourceManager.h">
      <Filter>Header Files\system</Filter>
    </ClInclude>
    <ClInclude Include="Timer.h">
      <Filter>Header Files\system</Filter>
    </ClInclude>
    <ClInclude Include="MarioGameState.h">
      <Filter>Header Files\GameState</Filter>
    </ClInclude>
    <ClInclude Include="AnimationFrame.h">
      <Filter>Header Files</Filter>
    </ClInclude>
    <ClInclude Include="resource.h">
      <Filter>Header Files</Filter>
    </ClInclude>
    <ClInclude Include="Animation.h">
      <Filter>Header Files</Filter>
    </ClInclude>
    <ClInclude Include="Mario_Level.h">
      <Filter>Header Files\Mario</Filter>
    </ClInclude>
    <ClInclude Include="Mario_LevelController.h">
      <Filter>Header Files\Mario</Filter>
    </ClInclude>
    <ClInclude Include="Mario_MarioGameObiect.h">
      <Filter>Header Files\Mario</Filter>
    </ClInclude>
    <ClInclude Include="Mario_GameObiect.h">
      <Filter>Header Files\Mario</Filter>
    </ClInclude>
    <ClInclude Include="Brick.h">
      <Filter>Header Files</Filter>
    </ClInclude>
    <ClInclude Include="Mario_GumbaGameObiect.h">
      <Filter>Header Files</Filter>
    </ClInclude>
    <ClInclude Include="TibiaTGCGame.h">
      <Filter>Header Files\TibiaClone</Filter>
    </ClInclude>
    <ClInclude Include="TibiaCloneGameState.h">
      <Filter>Header Files\GameState</Filter>
    </ClInclude>
    <ClInclude Include="TibiaAnimation.h">
      <Filter>Header Files\TibiaClone\Animation</Filter>
    </ClInclude>
    <ClInclude Include="TibiaAnimationController.h">
      <Filter>Header Files\TibiaClone\Animation</Filter>
    </ClInclude>
    <ClInclude Include="TibiaFrame.h">
      <Filter>Header Files\TibiaClone\Animation</Filter>
    </ClInclude>
    <ClInclude Include="TibiaCameraController.h">
      <Filter>Header Files\TibiaClone\Other</Filter>
    </ClInclude>
    <ClInclude Include="TibiaEnums.h">
      <Filter>Header Files\TibiaClone\Other</Filter>
    </ClInclude>
    <ClInclude Include="TibiaCreature.h">
      <Filter>Header Files\TibiaClone\GameEntity</Filter>
    </ClInclude>
    <ClInclude Include="TibiaGameObiect.h">
      <Filter>Header Files\TibiaClone\GameEntity</Filter>
    </ClInclude>
    <ClInclude Include="TibiaPlayer.h">
      <Filter>Header Files\TibiaClone\GameEntity</Filter>
    </ClInclude>
    <ClInclude Include="TibiaGlobalAnimationTimer.h">
      <Filter>Header Files\TibiaClone\Animation</Filter>
    </ClInclude>
    <ClInclude Include="TibiaMapCell.h">
      <Filter>Header Files\TibiaClone\Map</Filter>
    </ClInclude>
    <ClInclude Include="TibiaUtilityTools.h">
      <Filter>Header Files\TibiaClone\Utility</Filter>
    </ClInclude>
    <ClInclude Include="TibiaWorld.h">
      <Filter>Header Files\TibiaClone\Map</Filter>
    </ClInclude>
    <ClInclude Include="TibiaCombat.h">
      <Filter>Header Files\TibiaClone\Combat</Filter>
    </ClInclude>
    <ClInclude Include="TibiaSimpleLoader.h">
      <Filter>Header Files</Filter>
    </ClInclude>
    <ClInclude Include="TibiaParticle.h">
      <Filter>Header Files\TibiaClone\GameEntity</Filter>
    </ClInclude>
    <ClInclude Include="TibiaResourceHandler.h">
      <Filter>Header Files\TibiaClone\Resource</Filter>
    </ClInclude>
    <ClInclude Include="TibiaResoureManager.h">
      <Filter>Header Files\TibiaClone\Resource</Filter>
    </ClInclude>
    <ClInclude Include="TibiaMonsterLoader.h">
      <Filter>Header Files\TibiaClone\Resource</Filter>
    </ClInclude>
    <ClInclude Include="TibiaXMLLoader.h">
      <Filter>Header Files\TibiaClone\Resource</Filter>
    </ClInclude>
    <ClInclude Include="TibiaCreatureController.h">
      <Filter>Header Files</Filter>
    </ClInclude>
    <ClInclude Include="TibiaTextureLoader.h">
      <Filter>Header Files\TibiaClone\Resource</Filter>
    </ClInclude>
  </ItemGroup>
</Project>